
Microsoft Visual Studio Solution File, Format Version 12.00
# Visual Studio 15
VisualStudioVersion = 15.0.27428.2043
MinimumVisualStudioVersion = 10.0.40219.1
Project("{9A19103F-16F7-4668-BE54-9A1E7A4F7556}") = "QuickPay", "src\QuickPay\QuickPay.csproj", "{8854BAB7-96B4-4E01-96E0-EFFD3FB3C755}"
EndProject
Project("{2150E333-8FDC-42A3-9474-1A3956D46DE8}") = "test", "test", "{B82345B4-9C62-4D80-8664-0F2297F9595E}"
EndProject
Project("{2150E333-8FDC-42A3-9474-1A3956D46DE8}") = "docs", "docs", "{085E40CE-EFA2-4038-BC29-41326EC963CB}"
	ProjectSection(SolutionItems) = preProject
		docs\Alipay.md = docs\Alipay.md
		docs\README.md = docs\README.md
		..\docs\WeChatPay.md = ..\docs\WeChatPay.md
	EndProjectSection
EndProject
Project("{9A19103F-16F7-4668-BE54-9A1E7A4F7556}") = "QuickPay.Tests", "test\QuickPay.Tests\QuickPay.Tests.csproj", "{17DC94A1-64F2-4AD2-85F7-6C8D265436A9}"
EndProject
Project("{9A19103F-16F7-4668-BE54-9A1E7A4F7556}") = "QuickPay.SqlServer", "src\QuickPay.SqlServer\QuickPay.SqlServer.csproj", "{3299EC3F-A66B-4D10-A4F8-E222B6253E41}"
EndProject
Project("{9A19103F-16F7-4668-BE54-9A1E7A4F7556}") = "QuickPay.Abp", "src\QuickPay.Abp\QuickPay.Abp.csproj", "{2E933B89-4660-42AD-B214-33655F6814B3}"
EndProject
Project("{9A19103F-16F7-4668-BE54-9A1E7A4F7556}") = "QuickPay.AspNetCore.Mvc", "src\QuickPay.AspNetCore.Mvc\QuickPay.AspNetCore.Mvc.csproj", "{7FC4955F-0154-422F-B4C7-17BB38F4870E}"
EndProject
Project("{FAE04EC0-301F-11D3-BF4B-00C04F79EFBC}") = "QuickPay.Oracle", "src\QuickPay.Oracle\QuickPay.Oracle.csproj", "{6E0E03DA-8378-404B-BE85-091B03CBFFAA}"
EndProject
Global
	GlobalSection(SolutionConfigurationPlatforms) = preSolution
		Debug|Any CPU = Debug|Any CPU
		Release|Any CPU = Release|Any CPU
	EndGlobalSection
	GlobalSection(ProjectConfigurationPlatforms) = postSolution
		{8854BAB7-96B4-4E01-96E0-EFFD3FB3C755}.Debug|Any CPU.ActiveCfg = Debug|Any CPU
		{8854BAB7-96B4-4E01-96E0-EFFD3FB3C755}.Debug|Any CPU.Build.0 = Debug|Any CPU
		{8854BAB7-96B4-4E01-96E0-EFFD3FB3C755}.Release|Any CPU.ActiveCfg = Release|Any CPU
		{8854BAB7-96B4-4E01-96E0-EFFD3FB3C755}.Release|Any CPU.Build.0 = Release|Any CPU
		{17DC94A1-64F2-4AD2-85F7-6C8D265436A9}.Debug|Any CPU.ActiveCfg = Debug|Any CPU
		{17DC94A1-64F2-4AD2-85F7-6C8D265436A9}.Debug|Any CPU.Build.0 = Debug|Any CPU
		{17DC94A1-64F2-4AD2-85F7-6C8D265436A9}.Release|Any CPU.ActiveCfg = Release|Any CPU
		{17DC94A1-64F2-4AD2-85F7-6C8D265436A9}.Release|Any CPU.Build.0 = Release|Any CPU
		{3299EC3F-A66B-4D10-A4F8-E222B6253E41}.Debug|Any CPU.ActiveCfg = Debug|Any CPU
		{3299EC3F-A66B-4D10-A4F8-E222B6253E41}.Debug|Any CPU.Build.0 = Debug|Any CPU
		{3299EC3F-A66B-4D10-A4F8-E222B6253E41}.Release|Any CPU.ActiveCfg = Release|Any CPU
		{3299EC3F-A66B-4D10-A4F8-E222B6253E41}.Release|Any CPU.Build.0 = Release|Any CPU
		{2E933B89-4660-42AD-B214-33655F6814B3}.Debug|Any CPU.ActiveCfg = Debug|Any CPU
		{2E933B89-4660-42AD-B214-33655F6814B3}.Debug|Any CPU.Build.0 = Debug|Any CPU
		{2E933B89-4660-42AD-B214-33655F6814B3}.Release|Any CPU.ActiveCfg = Release|Any CPU
		{2E933B89-4660-42AD-B214-33655F6814B3}.Release|Any CPU.Build.0 = Release|Any CPU
		{7FC4955F-0154-422F-B4C7-17BB38F4870E}.Debug|Any CPU.ActiveCfg = Debug|Any CPU
		{7FC4955F-0154-422F-B4C7-17BB38F4870E}.Debug|Any CPU.Build.0 = Debug|Any CPU
		{7FC4955F-0154-422F-B4C7-17BB38F4870E}.Release|Any CPU.ActiveCfg = Release|Any CPU
		{7FC4955F-0154-422F-B4C7-17BB38F4870E}.Release|Any CPU.Build.0 = Release|Any CPU
		{6E0E03DA-8378-404B-BE85-091B03CBFFAA}.Debug|Any CPU.ActiveCfg = Debug|Any CPU
		{6E0E03DA-8378-404B-BE85-091B03CBFFAA}.Debug|Any CPU.Build.0 = Debug|Any CPU
		{6E0E03DA-8378-404B-BE85-091B03CBFFAA}.Release|Any CPU.ActiveCfg = Release|Any CPU
		{6E0E03DA-8378-404B-BE85-091B03CBFFAA}.Release|Any CPU.Build.0 = Release|Any CPU
	EndGlobalSection
	GlobalSection(SolutionProperties) = preSolution
		HideSolutionNode = FALSE
	EndGlobalSection
	GlobalSection(NestedProjects) = preSolution
		{17DC94A1-64F2-4AD2-85F7-6C8D265436A9} = {B82345B4-9C62-4D80-8664-0F2297F9595E}
	EndGlobalSection
	GlobalSection(ExtensibilityGlobals) = postSolution
		SolutionGuid = {C842D4AF-A88E-450C-A74A-0BCA3099D587}
	EndGlobalSection
EndGlobal
