
Microsoft Visual Studio Solution File, Format Version 12.00
# Visual Studio Version 16
VisualStudioVersion = 16.0.28803.352
MinimumVisualStudioVersion = 10.0.40219.1
Project("{9A19103F-16F7-4668-BE54-9A1E7A4F7556}") = "QuickPay", "src\QuickPay\QuickPay.csproj", "{8854BAB7-96B4-4E01-96E0-EFFD3FB3C755}"
EndProject
Project("{2150E333-8FDC-42A3-9474-1A3956D46DE8}") = "test", "test", "{B82345B4-9C62-4D80-8664-0F2297F9595E}"
EndProject
Project("{9A19103F-16F7-4668-BE54-9A1E7A4F7556}") = "QuickPay.Tests", "test\QuickPay.Tests\QuickPay.Tests.csproj", "{17DC94A1-64F2-4AD2-85F7-6C8D265436A9}"
EndProject
Project("{9A19103F-16F7-4668-BE54-9A1E7A4F7556}") = "QuickPay.SqlServer", "src\QuickPay.SqlServer\QuickPay.SqlServer.csproj", "{3299EC3F-A66B-4D10-A4F8-E222B6253E41}"
EndProject
Project("{9A19103F-16F7-4668-BE54-9A1E7A4F7556}") = "QuickPay.AspNetCore.Mvc", "src\QuickPay.AspNetCore.Mvc\QuickPay.AspNetCore.Mvc.csproj", "{7FC4955F-0154-422F-B4C7-17BB38F4870E}"
EndProject
Project("{9A19103F-16F7-4668-BE54-9A1E7A4F7556}") = "QuickPay.Oracle", "src\QuickPay.Oracle\QuickPay.Oracle.csproj", "{6E0E03DA-8378-404B-BE85-091B03CBFFAA}"
EndProject
Project("{9A19103F-16F7-4668-BE54-9A1E7A4F7556}") = "QuickPay.PostgreSql", "src\QuickPay.PostgreSql\QuickPay.PostgreSql.csproj", "{CB5644BF-7FAB-43D9-9217-679C12D5742D}"
EndProject
Project("{9A19103F-16F7-4668-BE54-9A1E7A4F7556}") = "QuickPay.MySql", "src\QuickPay.MySql\QuickPay.MySql.csproj", "{0A6BD18D-F030-484D-9206-FD80595EDF0A}"
EndProject
Project("{2150E333-8FDC-42A3-9474-1A3956D46DE8}") = "src", "src", "{9227A028-24FB-4BE8-B2D6-73BBD939F86F}"
EndProject
Global
	GlobalSection(SolutionConfigurationPlatforms) = preSolution
		Debug|Any CPU = Debug|Any CPU
		Release|Any CPU = Release|Any CPU
	EndGlobalSection
	GlobalSection(ProjectConfigurationPlatforms) = postSolution
		{8854BAB7-96B4-4E01-96E0-EFFD3FB3C755}.Debug|Any CPU.ActiveCfg = Debug|Any CPU
		{8854BAB7-96B4-4E01-96E0-EFFD3FB3C755}.Debug|Any CPU.Build.0 = Debug|Any CPU
		{8854BAB7-96B4-4E01-96E0-EFFD3FB3C755}.Release|Any CPU.ActiveCfg = Release|Any CPU
		{8854BAB7-96B4-4E01-96E0-EFFD3FB3C755}.Release|Any CPU.Build.0 = Release|Any CPU
		{17DC94A1-64F2-4AD2-85F7-6C8D265436A9}.Debug|Any CPU.ActiveCfg = Debug|Any CPU
		{17DC94A1-64F2-4AD2-85F7-6C8D265436A9}.Debug|Any CPU.Build.0 = Debug|Any CPU
		{17DC94A1-64F2-4AD2-85F7-6C8D265436A9}.Release|Any CPU.ActiveCfg = Release|Any CPU
		{17DC94A1-64F2-4AD2-85F7-6C8D265436A9}.Release|Any CPU.Build.0 = Release|Any CPU
		{3299EC3F-A66B-4D10-A4F8-E222B6253E41}.Debug|Any CPU.ActiveCfg = Debug|Any CPU
		{3299EC3F-A66B-4D10-A4F8-E222B6253E41}.Debug|Any CPU.Build.0 = Debug|Any CPU
		{3299EC3F-A66B-4D10-A4F8-E222B6253E41}.Release|Any CPU.ActiveCfg = Release|Any CPU
		{3299EC3F-A66B-4D10-A4F8-E222B6253E41}.Release|Any CPU.Build.0 = Release|Any CPU
		{7FC4955F-0154-422F-B4C7-17BB38F4870E}.Debug|Any CPU.ActiveCfg = Debug|Any CPU
		{7FC4955F-0154-422F-B4C7-17BB38F4870E}.Debug|Any CPU.Build.0 = Debug|Any CPU
		{7FC4955F-0154-422F-B4C7-17BB38F4870E}.Release|Any CPU.ActiveCfg = Release|Any CPU
		{7FC4955F-0154-422F-B4C7-17BB38F4870E}.Release|Any CPU.Build.0 = Release|Any CPU
		{6E0E03DA-8378-404B-BE85-091B03CBFFAA}.Debug|Any CPU.ActiveCfg = Debug|Any CPU
		{6E0E03DA-8378-404B-BE85-091B03CBFFAA}.Debug|Any CPU.Build.0 = Debug|Any CPU
		{6E0E03DA-8378-404B-BE85-091B03CBFFAA}.Release|Any CPU.ActiveCfg = Release|Any CPU
		{6E0E03DA-8378-404B-BE85-091B03CBFFAA}.Release|Any CPU.Build.0 = Release|Any CPU
		{CB5644BF-7FAB-43D9-9217-679C12D5742D}.Debug|Any CPU.ActiveCfg = Debug|Any CPU
		{CB5644BF-7FAB-43D9-9217-679C12D5742D}.Debug|Any CPU.Build.0 = Debug|Any CPU
		{CB5644BF-7FAB-43D9-9217-679C12D5742D}.Release|Any CPU.ActiveCfg = Release|Any CPU
		{CB5644BF-7FAB-43D9-9217-679C12D5742D}.Release|Any CPU.Build.0 = Release|Any CPU
		{0A6BD18D-F030-484D-9206-FD80595EDF0A}.Debug|Any CPU.ActiveCfg = Debug|Any CPU
		{0A6BD18D-F030-484D-9206-FD80595EDF0A}.Debug|Any CPU.Build.0 = Debug|Any CPU
		{0A6BD18D-F030-484D-9206-FD80595EDF0A}.Release|Any CPU.ActiveCfg = Release|Any CPU
		{0A6BD18D-F030-484D-9206-FD80595EDF0A}.Release|Any CPU.Build.0 = Release|Any CPU
	EndGlobalSection
	GlobalSection(SolutionProperties) = preSolution
		HideSolutionNode = FALSE
	EndGlobalSection
	GlobalSection(NestedProjects) = preSolution
		{8854BAB7-96B4-4E01-96E0-EFFD3FB3C755} = {9227A028-24FB-4BE8-B2D6-73BBD939F86F}
		{17DC94A1-64F2-4AD2-85F7-6C8D265436A9} = {B82345B4-9C62-4D80-8664-0F2297F9595E}
		{3299EC3F-A66B-4D10-A4F8-E222B6253E41} = {9227A028-24FB-4BE8-B2D6-73BBD939F86F}
		{7FC4955F-0154-422F-B4C7-17BB38F4870E} = {9227A028-24FB-4BE8-B2D6-73BBD939F86F}
		{6E0E03DA-8378-404B-BE85-091B03CBFFAA} = {9227A028-24FB-4BE8-B2D6-73BBD939F86F}
		{CB5644BF-7FAB-43D9-9217-679C12D5742D} = {9227A028-24FB-4BE8-B2D6-73BBD939F86F}
		{0A6BD18D-F030-484D-9206-FD80595EDF0A} = {9227A028-24FB-4BE8-B2D6-73BBD939F86F}
	EndGlobalSection
	GlobalSection(ExtensibilityGlobals) = postSolution
		SolutionGuid = {C842D4AF-A88E-450C-A74A-0BCA3099D587}
	EndGlobalSection
EndGlobal
