
Microsoft Visual Studio Solution File, Format Version 12.00
# Visual Studio Version 16
VisualStudioVersion = 16.0.29215.179
MinimumVisualStudioVersion = 10.0.40219.1
Project("{9A19103F-16F7-4668-BE54-9A1E7A4F7556}") = "QuickPay.ConsoleTest", "QuickPay.ConsoleTest\QuickPay.ConsoleTest.csproj", "{3C2F3AD2-A9DA-4E5D-8771-D5193314090E}"
EndProject
Global
	GlobalSection(SolutionConfigurationPlatforms) = preSolution
		Debug|Any CPU = Debug|Any CPU
		Release|Any CPU = Release|Any CPU
	EndGlobalSection
	GlobalSection(ProjectConfigurationPlatforms) = postSolution
		{3C2F3AD2-A9DA-4E5D-8771-D5193314090E}.Debug|Any CPU.ActiveCfg = Debug|Any CPU
		{3C2F3AD2-A9DA-4E5D-8771-D5193314090E}.Debug|Any CPU.Build.0 = Debug|Any CPU
		{3C2F3AD2-A9DA-4E5D-8771-D5193314090E}.Release|Any CPU.ActiveCfg = Release|Any CPU
		{3C2F3AD2-A9DA-4E5D-8771-D5193314090E}.Release|Any CPU.Build.0 = Release|Any CPU
	EndGlobalSection
	GlobalSection(SolutionProperties) = preSolution
		HideSolutionNode = FALSE
	EndGlobalSection
	GlobalSection(ExtensibilityGlobals) = postSolution
		SolutionGuid = {89D34822-F3CB-4C2B-8DB0-4D2499050677}
	EndGlobalSection
EndGlobal
