
Microsoft Visual Studio Solution File, Format Version 12.00
# Visual Studio 15
VisualStudioVersion = 15.0.28307.136
MinimumVisualStudioVersion = 10.0.40219.1
Project("{9A19103F-16F7-4668-BE54-9A1E7A4F7556}") = "QuickPay.ConsoleTest", "QuickPay.ConsoleTest\QuickPay.ConsoleTest.csproj", "{3C2F3AD2-A9DA-4E5D-8771-D5193314090E}"
EndProject
Project("{9A19103F-16F7-4668-BE54-9A1E7A4F7556}") = "QuickPay", "..\core\src\QuickPay\QuickPay.csproj", "{4A8E3922-1932-4269-B4A3-02E28067AC76}"
EndProject
Project("{9A19103F-16F7-4668-BE54-9A1E7A4F7556}") = "QuickPay.Abp", "..\core\src\QuickPay.Abp\QuickPay.Abp.csproj", "{17518CAE-B21D-4BC4-9043-D2F5975F0336}"
EndProject
Project("{9A19103F-16F7-4668-BE54-9A1E7A4F7556}") = "QuickPay.AspNetCore", "..\core\src\QuickPay.AspNetCore\QuickPay.AspNetCore.csproj", "{71550A28-77B6-403A-B3CA-D803935FCF6D}"
EndProject
Project("{9A19103F-16F7-4668-BE54-9A1E7A4F7556}") = "QuickPay.SqlServer", "..\core\src\QuickPay.SqlServer\QuickPay.SqlServer.csproj", "{BC930E72-7B33-44BB-BDE8-3B0689A55663}"
EndProject
Global
	GlobalSection(SolutionConfigurationPlatforms) = preSolution
		Debug|Any CPU = Debug|Any CPU
		Release|Any CPU = Release|Any CPU
	EndGlobalSection
	GlobalSection(ProjectConfigurationPlatforms) = postSolution
		{3C2F3AD2-A9DA-4E5D-8771-D5193314090E}.Debug|Any CPU.ActiveCfg = Debug|Any CPU
		{3C2F3AD2-A9DA-4E5D-8771-D5193314090E}.Debug|Any CPU.Build.0 = Debug|Any CPU
		{3C2F3AD2-A9DA-4E5D-8771-D5193314090E}.Release|Any CPU.ActiveCfg = Release|Any CPU
		{3C2F3AD2-A9DA-4E5D-8771-D5193314090E}.Release|Any CPU.Build.0 = Release|Any CPU
		{4A8E3922-1932-4269-B4A3-02E28067AC76}.Debug|Any CPU.ActiveCfg = Debug|Any CPU
		{4A8E3922-1932-4269-B4A3-02E28067AC76}.Debug|Any CPU.Build.0 = Debug|Any CPU
		{4A8E3922-1932-4269-B4A3-02E28067AC76}.Release|Any CPU.ActiveCfg = Release|Any CPU
		{4A8E3922-1932-4269-B4A3-02E28067AC76}.Release|Any CPU.Build.0 = Release|Any CPU
		{17518CAE-B21D-4BC4-9043-D2F5975F0336}.Debug|Any CPU.ActiveCfg = Debug|Any CPU
		{17518CAE-B21D-4BC4-9043-D2F5975F0336}.Debug|Any CPU.Build.0 = Debug|Any CPU
		{17518CAE-B21D-4BC4-9043-D2F5975F0336}.Release|Any CPU.ActiveCfg = Release|Any CPU
		{17518CAE-B21D-4BC4-9043-D2F5975F0336}.Release|Any CPU.Build.0 = Release|Any CPU
		{71550A28-77B6-403A-B3CA-D803935FCF6D}.Debug|Any CPU.ActiveCfg = Debug|Any CPU
		{71550A28-77B6-403A-B3CA-D803935FCF6D}.Debug|Any CPU.Build.0 = Debug|Any CPU
		{71550A28-77B6-403A-B3CA-D803935FCF6D}.Release|Any CPU.ActiveCfg = Release|Any CPU
		{71550A28-77B6-403A-B3CA-D803935FCF6D}.Release|Any CPU.Build.0 = Release|Any CPU
		{BC930E72-7B33-44BB-BDE8-3B0689A55663}.Debug|Any CPU.ActiveCfg = Debug|Any CPU
		{BC930E72-7B33-44BB-BDE8-3B0689A55663}.Debug|Any CPU.Build.0 = Debug|Any CPU
		{BC930E72-7B33-44BB-BDE8-3B0689A55663}.Release|Any CPU.ActiveCfg = Release|Any CPU
		{BC930E72-7B33-44BB-BDE8-3B0689A55663}.Release|Any CPU.Build.0 = Release|Any CPU
	EndGlobalSection
	GlobalSection(SolutionProperties) = preSolution
		HideSolutionNode = FALSE
	EndGlobalSection
	GlobalSection(ExtensibilityGlobals) = postSolution
		SolutionGuid = {89D34822-F3CB-4C2B-8DB0-4D2499050677}
	EndGlobalSection
EndGlobal
